<mxfile host="app.diagrams.net" modified="2021-12-17T18:23:57.722Z" agent="5.0 (X11; Linux x86_64) AppleWebKit/537.36 (KHTML, like Gecko) Chrome/96.0.4664.93 Safari/537.36" etag="Y9Ag8YhpN91ZSCLBKyq_" version="15.5.8" type="device"><diagram id="C5RBs43oDa-KdzZeNtuy" name="Page-1">7VjbctsgEP0aPyYjgZDlx9i5NpemtZvLUwYLbNMg4SAc2/36goTumjZJx2k60xcbDrCIPWd3kXpwFG1OJF4uLgWhvAccsunBwx4AA+jpXwNsMwDBQQbMJSMZ5JbAmP2gFnQsumKEJrWJSgiu2LIOhiKOaahqGJZSrOvTZoLXd13iOW0B4xDzNnrLiFpkaAD6JX5K2XyR7+z69nwRzifbkyQLTMS6AsGjHhxJIVTWijYjyo3vcr/cnm1v+cWjf/LpS/KEvw3PJ1c3e5mx49csKY4gaazebhoNRxf84ftyC1b3x1fX5+xxYZc4z5ivrL96wOd6k+FM6L30odXWetJ/Wol8YC9JeT7QE9xguSkHdWtu/1Mr0xwYTy4hOPac/s1JPqYfddqcr7Fs4xwGtWcAUqxiQs2JXD28XjBFx0scmtG1lq/GFiridnjGOB8JLmS6FhJEA+JpPFFSPNLKSACm0PeL/Z6pVHTTkM9vfO8WgtCBREVEldzqddYK6FtH2yByfdtfl5IsImZRkSPIJ2IbBvPCdkm1bli2X8E86GC+4Wwt+KVpzjjdHJhQ1B6iMbHNw5DjJGFh6lAsVRuuUFHy5lgJ2UzhBqlRfaI7M7iPIMqBezO87zgwBw43dn3W21Z711Qy7Rgq8y3q3E9xGBDYxT2AnodIwT0lrXTyEuZ1UsNyTtUvHO50K6SiANfpUEABSsqxYs/1p+uShd3jWrA0gq0EtchrEkROQ1mJWMmQ2lXVPNI0NKhr2UMNQ5knWoZSlRYHf7twYUu4o8+XGrgWUrUkrONY1ZWIOZvHRqaaVaOWoYl2puvFgR2IGCFm+VBSneXwNDVlJLU0J0rPiIY9dGhsrZRIrI5b2opFTBtCzKGG/N8r63heO+t0ag7uKumgFndnYAT/s1ZlDbmNWjFos4bek7T+R6oUG6bu7EzTvk+LBoB5vywRprOtdP56gcjy68ctEMiv6w4M3lggUKNAFBfodyoQwZ/fab0X3WmHl0cgcApY5vikB/STO6fmyDExpen9rryNeGmofBaENAy7VD4NkCnkO0xrDVW4ffSyYhSgHeU1t/3yM8HJo0ZiHGVK8HFkHBxPE/M3NsnrYRrRjPXa2L9Xw7xdko0aZKOOm0fQ9b6zqyLmui2yv9KQmnQJHIIVNt8WpIj0Xx7WWfA2g7tJvMokoynL8rv5cBDjOY1ommtYPBMy0nlZxP8lUruceqgmkeJ9pPpK7HdIxHu9RHS3/EyTlZnyWxc8+gk=</diagram></mxfile>